
Microsoft Visual Studio Solution File, Format Version 12.00
# Visual Studio Version 16
VisualStudioVersion = 16.0.32630.194
MinimumVisualStudioVersion = 10.0.40219.1
Project("{8BC9CEB8-8B4A-11D0-8D11-00A0C91BC942}") = "C++实验第三次作业", "C++实验第三次作业.vcxproj", "{53CF7D4F-4A6A-48F6-B906-A83E25D28768}"
EndProject
Global
	GlobalSection(SolutionConfigurationPlatforms) = preSolution
		Debug|x64 = Debug|x64
		Debug|x86 = Debug|x86
		Release|x64 = Release|x64
		Release|x86 = Release|x86
	EndGlobalSection
	GlobalSection(ProjectConfigurationPlatforms) = postSolution
		{53CF7D4F-4A6A-48F6-B906-A83E25D28768}.Debug|x64.ActiveCfg = Debug|x64
		{53CF7D4F-4A6A-48F6-B906-A83E25D28768}.Debug|x64.Build.0 = Debug|x64
		{53CF7D4F-4A6A-48F6-B906-A83E25D28768}.Debug|x86.ActiveCfg = Debug|Win32
		{53CF7D4F-4A6A-48F6-B906-A83E25D28768}.Debug|x86.Build.0 = Debug|Win32
		{53CF7D4F-4A6A-48F6-B906-A83E25D28768}.Release|x64.ActiveCfg = Release|x64
		{53CF7D4F-4A6A-48F6-B906-A83E25D28768}.Release|x64.Build.0 = Release|x64
		{53CF7D4F-4A6A-48F6-B906-A83E25D28768}.Release|x86.ActiveCfg = Release|Win32
		{53CF7D4F-4A6A-48F6-B906-A83E25D28768}.Release|x86.Build.0 = Release|Win32
	EndGlobalSection
	GlobalSection(SolutionProperties) = preSolution
		HideSolutionNode = FALSE
	EndGlobalSection
	GlobalSection(ExtensibilityGlobals) = postSolution
		SolutionGuid = {D124CEA2-95D1-4CBD-B613-DABCD9B5E23A}
	EndGlobalSection
EndGlobal
